// !$*UTF8*$!
{
	archiveVersion = 1;
	classes = {
	};
	objectVersion = 56;
	objects = {

/* Begin PBXBuildFile section */
		3078731E2A36440C008BC3D1 /* PetsApp.swift in Sources */ = {isa = PBXBuildFile; fileRef = 3078731D2A36440C008BC3D1 /* PetsApp.swift */; };
		307873202A36440C008BC3D1 /* ContentView.swift in Sources */ = {isa = PBXBuildFile; fileRef = 3078731F2A36440C008BC3D1 /* ContentView.swift */; };
		307873222A36440F008BC3D1 /* Assets.xcassets in Resources */ = {isa = PBXBuildFile; fileRef = 307873212A36440F008BC3D1 /* Assets.xcassets */; };
		307873252A36440F008BC3D1 /* Preview Assets.xcassets in Resources */ = {isa = PBXBuildFile; fileRef = 307873242A36440F008BC3D1 /* Preview Assets.xcassets */; };
		3078732D2A364447008BC3D1 /* WebService.swift in Sources */ = {isa = PBXBuildFile; fileRef = 3078732C2A364447008BC3D1 /* WebService.swift */; };
		307873302A3644B1008BC3D1 /* Constants.swift in Sources */ = {isa = PBXBuildFile; fileRef = 3078732F2A3644B1008BC3D1 /* Constants.swift */; };
		307873332A364793008BC3D1 /* ScreenModel.swift in Sources */ = {isa = PBXBuildFile; fileRef = 307873322A364793008BC3D1 /* ScreenModel.swift */; };
		307873362A36494A008BC3D1 /* UIComponet.swift in Sources */ = {isa = PBXBuildFile; fileRef = 307873352A36494A008BC3D1 /* UIComponet.swift */; };
		307873382A3649A9008BC3D1 /* FeaturedImageComponent.swift in Sources */ = {isa = PBXBuildFile; fileRef = 307873372A3649A9008BC3D1 /* FeaturedImageComponent.swift */; };
		3078733A2A364A61008BC3D1 /* FeaturedImageUIModel.swift in Sources */ = {isa = PBXBuildFile; fileRef = 307873392A364A61008BC3D1 /* FeaturedImageUIModel.swift */; };
		3078733D2A364B57008BC3D1 /* View+Extensions.swift in Sources */ = {isa = PBXBuildFile; fileRef = 3078733C2A364B57008BC3D1 /* View+Extensions.swift */; };
		307873402A364C3E008BC3D1 /* PetListVieModel.swift in Sources */ = {isa = PBXBuildFile; fileRef = 3078733F2A364C3E008BC3D1 /* PetListVieModel.swift */; };
		307873422A364E11008BC3D1 /* Dictionary+Extensions.swift in Sources */ = {isa = PBXBuildFile; fileRef = 307873412A364E11008BC3D1 /* Dictionary+Extensions.swift */; };
/* End PBXBuildFile section */

/* Begin PBXFileReference section */
		3078731A2A36440C008BC3D1 /* Pets.app */ = {isa = PBXFileReference; explicitFileType = wrapper.application; includeInIndex = 0; path = Pets.app; sourceTree = BUILT_PRODUCTS_DIR; };
		3078731D2A36440C008BC3D1 /* PetsApp.swift */ = {isa = PBXFileReference; lastKnownFileType = sourcecode.swift; path = PetsApp.swift; sourceTree = "<group>"; };
		3078731F2A36440C008BC3D1 /* ContentView.swift */ = {isa = PBXFileReference; lastKnownFileType = sourcecode.swift; path = ContentView.swift; sourceTree = "<group>"; };
		307873212A36440F008BC3D1 /* Assets.xcassets */ = {isa = PBXFileReference; lastKnownFileType = folder.assetcatalog; path = Assets.xcassets; sourceTree = "<group>"; };
		307873242A36440F008BC3D1 /* Preview Assets.xcassets */ = {isa = PBXFileReference; lastKnownFileType = folder.assetcatalog; path = "Preview Assets.xcassets"; sourceTree = "<group>"; };
		3078732C2A364447008BC3D1 /* WebService.swift */ = {isa = PBXFileReference; lastKnownFileType = sourcecode.swift; path = WebService.swift; sourceTree = "<group>"; };
		3078732F2A3644B1008BC3D1 /* Constants.swift */ = {isa = PBXFileReference; lastKnownFileType = sourcecode.swift; path = Constants.swift; sourceTree = "<group>"; };
		307873322A364793008BC3D1 /* ScreenModel.swift */ = {isa = PBXFileReference; lastKnownFileType = sourcecode.swift; path = ScreenModel.swift; sourceTree = "<group>"; };
		307873352A36494A008BC3D1 /* UIComponet.swift */ = {isa = PBXFileReference; lastKnownFileType = sourcecode.swift; path = UIComponet.swift; sourceTree = "<group>"; };
		307873372A3649A9008BC3D1 /* FeaturedImageComponent.swift */ = {isa = PBXFileReference; lastKnownFileType = sourcecode.swift; path = FeaturedImageComponent.swift; sourceTree = "<group>"; };
		307873392A364A61008BC3D1 /* FeaturedImageUIModel.swift */ = {isa = PBXFileReference; lastKnownFileType = sourcecode.swift; path = FeaturedImageUIModel.swift; sourceTree = "<group>"; };
		3078733C2A364B57008BC3D1 /* View+Extensions.swift */ = {isa = PBXFileReference; lastKnownFileType = sourcecode.swift; path = "View+Extensions.swift"; sourceTree = "<group>"; };
		3078733F2A364C3E008BC3D1 /* PetListVieModel.swift */ = {isa = PBXFileReference; lastKnownFileType = sourcecode.swift; path = PetListVieModel.swift; sourceTree = "<group>"; };
		307873412A364E11008BC3D1 /* Dictionary+Extensions.swift */ = {isa = PBXFileReference; lastKnownFileType = sourcecode.swift; path = "Dictionary+Extensions.swift"; sourceTree = "<group>"; };
/* End PBXFileReference section */

/* Begin PBXFrameworksBuildPhase section */
		307873172A36440C008BC3D1 /* Frameworks */ = {
			isa = PBXFrameworksBuildPhase;
			buildActionMask = 2147483647;
			files = (
			);
			runOnlyForDeploymentPostprocessing = 0;
		};
/* End PBXFrameworksBuildPhase section */

/* Begin PBXGroup section */
		307873112A36440C008BC3D1 = {
			isa = PBXGroup;
			children = (
				3078731C2A36440C008BC3D1 /* Pets */,
				3078731B2A36440C008BC3D1 /* Products */,
			);
			sourceTree = "<group>";
		};
		3078731B2A36440C008BC3D1 /* Products */ = {
			isa = PBXGroup;
			children = (
				3078731A2A36440C008BC3D1 /* Pets.app */,
			);
			name = Products;
			sourceTree = "<group>";
		};
		3078731C2A36440C008BC3D1 /* Pets */ = {
			isa = PBXGroup;
			children = (
				3078733E2A364C2E008BC3D1 /* ViewModels */,
				3078733B2A364B47008BC3D1 /* Extensions */,
				307873342A364938008BC3D1 /* Componets */,
				307873312A364783008BC3D1 /* UIModels */,
				3078732E2A3644A4008BC3D1 /* Utils */,
				3078732B2A364430008BC3D1 /* Services */,
				3078731D2A36440C008BC3D1 /* PetsApp.swift */,
				3078731F2A36440C008BC3D1 /* ContentView.swift */,
				307873212A36440F008BC3D1 /* Assets.xcassets */,
				307873232A36440F008BC3D1 /* Preview Content */,
			);
			path = Pets;
			sourceTree = "<group>";
		};
		307873232A36440F008BC3D1 /* Preview Content */ = {
			isa = PBXGroup;
			children = (
				307873242A36440F008BC3D1 /* Preview Assets.xcassets */,
			);
			path = "Preview Content";
			sourceTree = "<group>";
		};
		3078732B2A364430008BC3D1 /* Services */ = {
			isa = PBXGroup;
			children = (
				3078732C2A364447008BC3D1 /* WebService.swift */,
			);
			path = Services;
			sourceTree = "<group>";
		};
		3078732E2A3644A4008BC3D1 /* Utils */ = {
			isa = PBXGroup;
			children = (
				3078732F2A3644B1008BC3D1 /* Constants.swift */,
			);
			path = Utils;
			sourceTree = "<group>";
		};
		307873312A364783008BC3D1 /* UIModels */ = {
			isa = PBXGroup;
			children = (
				307873322A364793008BC3D1 /* ScreenModel.swift */,
				307873392A364A61008BC3D1 /* FeaturedImageUIModel.swift */,
			);
			path = UIModels;
			sourceTree = "<group>";
		};
		307873342A364938008BC3D1 /* Componets */ = {
			isa = PBXGroup;
			children = (
				307873352A36494A008BC3D1 /* UIComponet.swift */,
				307873372A3649A9008BC3D1 /* FeaturedImageComponent.swift */,
			);
			path = Componets;
			sourceTree = "<group>";
		};
		3078733B2A364B47008BC3D1 /* Extensions */ = {
			isa = PBXGroup;
			children = (
				3078733C2A364B57008BC3D1 /* View+Extensions.swift */,
				307873412A364E11008BC3D1 /* Dictionary+Extensions.swift */,
			);
			path = Extensions;
			sourceTree = "<group>";
		};
		3078733E2A364C2E008BC3D1 /* ViewModels */ = {
			isa = PBXGroup;
			children = (
				3078733F2A364C3E008BC3D1 /* PetListVieModel.swift */,
			);
			path = ViewModels;
			sourceTree = "<group>";
		};
/* End PBXGroup section */

/* Begin PBXNativeTarget section */
		307873192A36440C008BC3D1 /* Pets */ = {
			isa = PBXNativeTarget;
			buildConfigurationList = 307873282A36440F008BC3D1 /* Build configuration list for PBXNativeTarget "Pets" */;
			buildPhases = (
				307873162A36440C008BC3D1 /* Sources */,
				307873172A36440C008BC3D1 /* Frameworks */,
				307873182A36440C008BC3D1 /* Resources */,
			);
			buildRules = (
			);
			dependencies = (
			);
			name = Pets;
			productName = Pets;
			productReference = 3078731A2A36440C008BC3D1 /* Pets.app */;
			productType = "com.apple.product-type.application";
		};
/* End PBXNativeTarget section */

/* Begin PBXProject section */
		307873122A36440C008BC3D1 /* Project object */ = {
			isa = PBXProject;
			attributes = {
				BuildIndependentTargetsInParallel = 1;
				LastSwiftUpdateCheck = 1420;
				LastUpgradeCheck = 1420;
				TargetAttributes = {
					307873192A36440C008BC3D1 = {
						CreatedOnToolsVersion = 14.2;
					};
				};
			};
			buildConfigurationList = 307873152A36440C008BC3D1 /* Build configuration list for PBXProject "Pets" */;
			compatibilityVersion = "Xcode 14.0";
			developmentRegion = en;
			hasScannedForEncodings = 0;
			knownRegions = (
				en,
				Base,
			);
			mainGroup = 307873112A36440C008BC3D1;
			productRefGroup = 3078731B2A36440C008BC3D1 /* Products */;
			projectDirPath = "";
			projectRoot = "";
			targets = (
				307873192A36440C008BC3D1 /* Pets */,
			);
		};
/* End PBXProject section */

/* Begin PBXResourcesBuildPhase section */
		307873182A36440C008BC3D1 /* Resources */ = {
			isa = PBXResourcesBuildPhase;
			buildActionMask = 2147483647;
			files = (
				307873252A36440F008BC3D1 /* Preview Assets.xcassets in Resources */,
				307873222A36440F008BC3D1 /* Assets.xcassets in Resources */,
			);
			runOnlyForDeploymentPostprocessing = 0;
		};
/* End PBXResourcesBuildPhase section */

/* Begin PBXSourcesBuildPhase section */
		307873162A36440C008BC3D1 /* Sources */ = {
			isa = PBXSourcesBuildPhase;
			buildActionMask = 2147483647;
			files = (
				3078732D2A364447008BC3D1 /* WebService.swift in Sources */,
				3078733D2A364B57008BC3D1 /* View+Extensions.swift in Sources */,
				307873332A364793008BC3D1 /* ScreenModel.swift in Sources */,
				307873382A3649A9008BC3D1 /* FeaturedImageComponent.swift in Sources */,
				307873202A36440C008BC3D1 /* ContentView.swift in Sources */,
				3078731E2A36440C008BC3D1 /* PetsApp.swift in Sources */,
				307873362A36494A008BC3D1 /* UIComponet.swift in Sources */,
				307873302A3644B1008BC3D1 /* Constants.swift in Sources */,
				307873402A364C3E008BC3D1 /* PetListVieModel.swift in Sources */,
				3078733A2A364A61008BC3D1 /* FeaturedImageUIModel.swift in Sources */,
				307873422A364E11008BC3D1 /* Dictionary+Extensions.swift in Sources */,
			);
			runOnlyForDeploymentPostprocessing = 0;
		};
/* End PBXSourcesBuildPhase section */

/* Begin XCBuildConfiguration section */
		307873262A36440F008BC3D1 /* Debug */ = {
			isa = XCBuildConfiguration;
			buildSettings = {
				ALWAYS_SEARCH_USER_PATHS = NO;
				CLANG_ANALYZER_NONNULL = YES;
				CLANG_ANALYZER_NUMBER_OBJECT_CONVERSION = YES_AGGRESSIVE;
				CLANG_CXX_LANGUAGE_STANDARD = "gnu++20";
				CLANG_ENABLE_MODULES = YES;
				CLANG_ENABLE_OBJC_ARC = YES;
				CLANG_ENABLE_OBJC_WEAK = YES;
				CLANG_WARN_BLOCK_CAPTURE_AUTORELEASING = YES;
				CLANG_WARN_BOOL_CONVERSION = YES;
				CLANG_WARN_COMMA = YES;
				CLANG_WARN_CONSTANT_CONVERSION = YES;
				CLANG_WARN_DEPRECATED_OBJC_IMPLEMENTATIONS = YES;
				CLANG_WARN_DIRECT_OBJC_ISA_USAGE = YES_ERROR;
				CLANG_WARN_DOCUMENTATION_COMMENTS = YES;
				CLANG_WARN_EMPTY_BODY = YES;
				CLANG_WARN_ENUM_CONVERSION = YES;
				CLANG_WARN_INFINITE_RECURSION = YES;
				CLANG_WARN_INT_CONVERSION = YES;
				CLANG_WARN_NON_LITERAL_NULL_CONVERSION = YES;
				CLANG_WARN_OBJC_IMPLICIT_RETAIN_SELF = YES;
				CLANG_WARN_OBJC_LITERAL_CONVERSION = YES;
				CLANG_WARN_OBJC_ROOT_CLASS = YES_ERROR;
				CLANG_WARN_QUOTED_INCLUDE_IN_FRAMEWORK_HEADER = YES;
				CLANG_WARN_RANGE_LOOP_ANALYSIS = YES;
				CLANG_WARN_STRICT_PROTOTYPES = YES;
				CLANG_WARN_SUSPICIOUS_MOVE = YES;
				CLANG_WARN_UNGUARDED_AVAILABILITY = YES_AGGRESSIVE;
				CLANG_WARN_UNREACHABLE_CODE = YES;
				CLANG_WARN__DUPLICATE_METHOD_MATCH = YES;
				COPY_PHASE_STRIP = NO;
				DEBUG_INFORMATION_FORMAT = dwarf;
				ENABLE_STRICT_OBJC_MSGSEND = YES;
				ENABLE_TESTABILITY = YES;
				GCC_C_LANGUAGE_STANDARD = gnu11;
				GCC_DYNAMIC_NO_PIC = NO;
				GCC_NO_COMMON_BLOCKS = YES;
				GCC_OPTIMIZATION_LEVEL = 0;
				GCC_PREPROCESSOR_DEFINITIONS = (
					"DEBUG=1",
					"$(inherited)",
				);
				GCC_WARN_64_TO_32_BIT_CONVERSION = YES;
				GCC_WARN_ABOUT_RETURN_TYPE = YES_ERROR;
				GCC_WARN_UNDECLARED_SELECTOR = YES;
				GCC_WARN_UNINITIALIZED_AUTOS = YES_AGGRESSIVE;
				GCC_WARN_UNUSED_FUNCTION = YES;
				GCC_WARN_UNUSED_VARIABLE = YES;
				IPHONEOS_DEPLOYMENT_TARGET = 16.2;
				MTL_ENABLE_DEBUG_INFO = INCLUDE_SOURCE;
				MTL_FAST_MATH = YES;
				ONLY_ACTIVE_ARCH = YES;
				SDKROOT = iphoneos;
				SWIFT_ACTIVE_COMPILATION_CONDITIONS = DEBUG;
				SWIFT_OPTIMIZATION_LEVEL = "-Onone";
			};
			name = Debug;
		};
		307873272A36440F008BC3D1 /* Release */ = {
			isa = XCBuildConfiguration;
			buildSettings = {
				ALWAYS_SEARCH_USER_PATHS = NO;
				CLANG_ANALYZER_NONNULL = YES;
				CLANG_ANALYZER_NUMBER_OBJECT_CONVERSION = YES_AGGRESSIVE;
				CLANG_CXX_LANGUAGE_STANDARD = "gnu++20";
				CLANG_ENABLE_MODULES = YES;
				CLANG_ENABLE_OBJC_ARC = YES;
				CLANG_ENABLE_OBJC_WEAK = YES;
				CLANG_WARN_BLOCK_CAPTURE_AUTORELEASING = YES;
				CLANG_WARN_BOOL_CONVERSION = YES;
				CLANG_WARN_COMMA = YES;
				CLANG_WARN_CONSTANT_CONVERSION = YES;
				CLANG_WARN_DEPRECATED_OBJC_IMPLEMENTATIONS = YES;
				CLANG_WARN_DIRECT_OBJC_ISA_USAGE = YES_ERROR;
				CLANG_WARN_DOCUMENTATION_COMMENTS = YES;
				CLANG_WARN_EMPTY_BODY = YES;
				CLANG_WARN_ENUM_CONVERSION = YES;
				CLANG_WARN_INFINITE_RECURSION = YES;
				CLANG_WARN_INT_CONVERSION = YES;
				CLANG_WARN_NON_LITERAL_NULL_CONVERSION = YES;
				CLANG_WARN_OBJC_IMPLICIT_RETAIN_SELF = YES;
				CLANG_WARN_OBJC_LITERAL_CONVERSION = YES;
				CLANG_WARN_OBJC_ROOT_CLASS = YES_ERROR;
				CLANG_WARN_QUOTED_INCLUDE_IN_FRAMEWORK_HEADER = YES;
				CLANG_WARN_RANGE_LOOP_ANALYSIS = YES;
				CLANG_WARN_STRICT_PROTOTYPES = YES;
				CLANG_WARN_SUSPICIOUS_MOVE = YES;
				CLANG_WARN_UNGUARDED_AVAILABILITY = YES_AGGRESSIVE;
				CLANG_WARN_UNREACHABLE_CODE = YES;
				CLANG_WARN__DUPLICATE_METHOD_MATCH = YES;
				COPY_PHASE_STRIP = NO;
				DEBUG_INFORMATION_FORMAT = "dwarf-with-dsym";
				ENABLE_NS_ASSERTIONS = NO;
				ENABLE_STRICT_OBJC_MSGSEND = YES;
				GCC_C_LANGUAGE_STANDARD = gnu11;
				GCC_NO_COMMON_BLOCKS = YES;
				GCC_WARN_64_TO_32_BIT_CONVERSION = YES;
				GCC_WARN_ABOUT_RETURN_TYPE = YES_ERROR;
				GCC_WARN_UNDECLARED_SELECTOR = YES;
				GCC_WARN_UNINITIALIZED_AUTOS = YES_AGGRESSIVE;
				GCC_WARN_UNUSED_FUNCTION = YES;
				GCC_WARN_UNUSED_VARIABLE = YES;
				IPHONEOS_DEPLOYMENT_TARGET = 16.2;
				MTL_ENABLE_DEBUG_INFO = NO;
				MTL_FAST_MATH = YES;
				SDKROOT = iphoneos;
				SWIFT_COMPILATION_MODE = wholemodule;
				SWIFT_OPTIMIZATION_LEVEL = "-O";
				VALIDATE_PRODUCT = YES;
			};
			name = Release;
		};
		307873292A36440F008BC3D1 /* Debug */ = {
			isa = XCBuildConfiguration;
			buildSettings = {
				ASSETCATALOG_COMPILER_APPICON_NAME = AppIcon;
				ASSETCATALOG_COMPILER_GLOBAL_ACCENT_COLOR_NAME = AccentColor;
				CODE_SIGN_STYLE = Automatic;
				CURRENT_PROJECT_VERSION = 1;
				DEVELOPMENT_ASSET_PATHS = "\"Pets/Preview Content\"";
				ENABLE_PREVIEWS = YES;
				GENERATE_INFOPLIST_FILE = YES;
				INFOPLIST_KEY_UIApplicationSceneManifest_Generation = YES;
				INFOPLIST_KEY_UIApplicationSupportsIndirectInputEvents = YES;
				INFOPLIST_KEY_UILaunchScreen_Generation = YES;
				INFOPLIST_KEY_UISupportedInterfaceOrientations_iPad = "UIInterfaceOrientationPortrait UIInterfaceOrientationPortraitUpsideDown UIInterfaceOrientationLandscapeLeft UIInterfaceOrientationLandscapeRight";
				INFOPLIST_KEY_UISupportedInterfaceOrientations_iPhone = "UIInterfaceOrientationPortrait UIInterfaceOrientationLandscapeLeft UIInterfaceOrientationLandscapeRight";
				LD_RUNPATH_SEARCH_PATHS = (
					"$(inherited)",
					"@executable_path/Frameworks",
				);
				MARKETING_VERSION = 1.0;
				PRODUCT_BUNDLE_IDENTIFIER = com.tmaximo.Pets;
				PRODUCT_NAME = "$(TARGET_NAME)";
				SWIFT_EMIT_LOC_STRINGS = YES;
				SWIFT_VERSION = 5.0;
				TARGETED_DEVICE_FAMILY = "1,2";
			};
			name = Debug;
		};
		3078732A2A36440F008BC3D1 /* Release */ = {
			isa = XCBuildConfiguration;
			buildSettings = {
				ASSETCATALOG_COMPILER_APPICON_NAME = AppIcon;
				ASSETCATALOG_COMPILER_GLOBAL_ACCENT_COLOR_NAME = AccentColor;
				CODE_SIGN_STYLE = Automatic;
				CURRENT_PROJECT_VERSION = 1;
				DEVELOPMENT_ASSET_PATHS = "\"Pets/Preview Content\"";
				ENABLE_PREVIEWS = YES;
				GENERATE_INFOPLIST_FILE = YES;
				INFOPLIST_KEY_UIApplicationSceneManifest_Generation = YES;
				INFOPLIST_KEY_UIApplicationSupportsIndirectInputEvents = YES;
				INFOPLIST_KEY_UILaunchScreen_Generation = YES;
				INFOPLIST_KEY_UISupportedInterfaceOrientations_iPad = "UIInterfaceOrientationPortrait UIInterfaceOrientationPortraitUpsideDown UIInterfaceOrientationLandscapeLeft UIInterfaceOrientationLandscapeRight";
				INFOPLIST_KEY_UISupportedInterfaceOrientations_iPhone = "UIInterfaceOrientationPortrait UIInterfaceOrientationLandscapeLeft UIInterfaceOrientationLandscapeRight";
				LD_RUNPATH_SEARCH_PATHS = (
					"$(inherited)",
					"@executable_path/Frameworks",
				);
				MARKETING_VERSION = 1.0;
				PRODUCT_BUNDLE_IDENTIFIER = com.tmaximo.Pets;
				PRODUCT_NAME = "$(TARGET_NAME)";
				SWIFT_EMIT_LOC_STRINGS = YES;
				SWIFT_VERSION = 5.0;
				TARGETED_DEVICE_FAMILY = "1,2";
			};
			name = Release;
		};
/* End XCBuildConfiguration section */

/* Begin XCConfigurationList section */
		307873152A36440C008BC3D1 /* Build configuration list for PBXProject "Pets" */ = {
			isa = XCConfigurationList;
			buildConfigurations = (
				307873262A36440F008BC3D1 /* Debug */,
				307873272A36440F008BC3D1 /* Release */,
			);
			defaultConfigurationIsVisible = 0;
			defaultConfigurationName = Release;
		};
		307873282A36440F008BC3D1 /* Build configuration list for PBXNativeTarget "Pets" */ = {
			isa = XCConfigurationList;
			buildConfigurations = (
				307873292A36440F008BC3D1 /* Debug */,
				3078732A2A36440F008BC3D1 /* Release */,
			);
			defaultConfigurationIsVisible = 0;
			defaultConfigurationName = Release;
		};
/* End XCConfigurationList section */
	};
	rootObject = 307873122A36440C008BC3D1 /* Project object */;
}
